
Microsoft Visual Studio Solution File, Format Version 12.00
# Visual Studio Version 17
VisualStudioVersion = 17.5.33530.505
MinimumVisualStudioVersion = 10.0.40219.1
Project("{FAE04EC0-301F-11D3-BF4B-00C04F79EFBC}") = "fotForms", "fotForms\fotForms.csproj", "{6780C780-E009-4F26-831C-325E26E4E93F}"
EndProject
Global
	GlobalSection(SolutionConfigurationPlatforms) = preSolution
		Debug|Any CPU = Debug|Any CPU
		Release|Any CPU = Release|Any CPU
	EndGlobalSection
	GlobalSection(ProjectConfigurationPlatforms) = postSolution
		{6780C780-E009-4F26-831C-325E26E4E93F}.Debug|Any CPU.ActiveCfg = Debug|Any CPU
		{6780C780-E009-4F26-831C-325E26E4E93F}.Debug|Any CPU.Build.0 = Debug|Any CPU
		{6780C780-E009-4F26-831C-325E26E4E93F}.Release|Any CPU.ActiveCfg = Release|Any CPU
		{6780C780-E009-4F26-831C-325E26E4E93F}.Release|Any CPU.Build.0 = Release|Any CPU
	EndGlobalSection
	GlobalSection(SolutionProperties) = preSolution
		HideSolutionNode = FALSE
	EndGlobalSection
	GlobalSection(ExtensibilityGlobals) = postSolution
		SolutionGuid = {AFE0041A-F921-4209-99D2-C026EFE4B2D1}
	EndGlobalSection
EndGlobal
